
Microsoft Visual Studio Solution File, Format Version 12.00
# Visual Studio Version 16
VisualStudioVersion = 16.0.31424.327
MinimumVisualStudioVersion = 10.0.40219.1
Project("{FAE04EC0-301F-11D3-BF4B-00C04F79EFBC}") = "Docs-Event", "Docs-Event.csproj", "{614C5B65-FE32-48A4-89F4-E5FFD525F25D}"
EndProject
Global
	GlobalSection(SolutionConfigurationPlatforms) = preSolution
		Debug|Any CPU = Debug|Any CPU
		Release|Any CPU = Release|Any CPU
	EndGlobalSection
	GlobalSection(ProjectConfigurationPlatforms) = postSolution
		{614C5B65-FE32-48A4-89F4-E5FFD525F25D}.Debug|Any CPU.ActiveCfg = Debug|Any CPU
		{614C5B65-FE32-48A4-89F4-E5FFD525F25D}.Debug|Any CPU.Build.0 = Debug|Any CPU
		{614C5B65-FE32-48A4-89F4-E5FFD525F25D}.Release|Any CPU.ActiveCfg = Release|Any CPU
		{614C5B65-FE32-48A4-89F4-E5FFD525F25D}.Release|Any CPU.Build.0 = Release|Any CPU
	EndGlobalSection
	GlobalSection(SolutionProperties) = preSolution
		HideSolutionNode = FALSE
	EndGlobalSection
	GlobalSection(ExtensibilityGlobals) = postSolution
		SolutionGuid = {CDB3A6F2-B6A3-4347-88BB-3D14B7AC57EA}
	EndGlobalSection
EndGlobal
